
Microsoft Visual Studio Solution File, Format Version 12.00
# Visual Studio Version 16
VisualStudioVersion = 16.0.30523.141
MinimumVisualStudioVersion = 10.0.40219.1
Project("{FAE04EC0-301F-11D3-BF4B-00C04F79EFBC}") = "UATaxBot", "UATaxBot\UATaxBot.csproj", "{22865EFE-5D96-4A23-9684-6DD82CE2AF33}"
EndProject
Global
	GlobalSection(SolutionConfigurationPlatforms) = preSolution
		Debug|Any CPU = Debug|Any CPU
		Release|Any CPU = Release|Any CPU
	EndGlobalSection
	GlobalSection(ProjectConfigurationPlatforms) = postSolution
		{22865EFE-5D96-4A23-9684-6DD82CE2AF33}.Debug|Any CPU.ActiveCfg = Debug|Any CPU
		{22865EFE-5D96-4A23-9684-6DD82CE2AF33}.Debug|Any CPU.Build.0 = Debug|Any CPU
		{22865EFE-5D96-4A23-9684-6DD82CE2AF33}.Release|Any CPU.ActiveCfg = Release|Any CPU
		{22865EFE-5D96-4A23-9684-6DD82CE2AF33}.Release|Any CPU.Build.0 = Release|Any CPU
	EndGlobalSection
	GlobalSection(SolutionProperties) = preSolution
		HideSolutionNode = FALSE
	EndGlobalSection
	GlobalSection(ExtensibilityGlobals) = postSolution
		SolutionGuid = {E707CB8D-9171-41FB-836A-FF98DE984093}
	EndGlobalSection
EndGlobal
